
Microsoft Visual Studio Solution File, Format Version 12.00
# Visual Studio Version 16
VisualStudioVersion = 16.0.29201.188
MinimumVisualStudioVersion = 10.0.40219.1
Project("{FAE04EC0-301F-11D3-BF4B-00C04F79EFBC}") = "Iterations-1", "Iterations-1.csproj", "{CBE9E378-FBD4-4F08-9A7A-07BA81E87E05}"
EndProject
Global
	GlobalSection(SolutionConfigurationPlatforms) = preSolution
		Debug|Any CPU = Debug|Any CPU
		Release|Any CPU = Release|Any CPU
	EndGlobalSection
	GlobalSection(ProjectConfigurationPlatforms) = postSolution
		{CBE9E378-FBD4-4F08-9A7A-07BA81E87E05}.Debug|Any CPU.ActiveCfg = Debug|Any CPU
		{CBE9E378-FBD4-4F08-9A7A-07BA81E87E05}.Debug|Any CPU.Build.0 = Debug|Any CPU
		{CBE9E378-FBD4-4F08-9A7A-07BA81E87E05}.Release|Any CPU.ActiveCfg = Release|Any CPU
		{CBE9E378-FBD4-4F08-9A7A-07BA81E87E05}.Release|Any CPU.Build.0 = Release|Any CPU
	EndGlobalSection
	GlobalSection(SolutionProperties) = preSolution
		HideSolutionNode = FALSE
	EndGlobalSection
	GlobalSection(ExtensibilityGlobals) = postSolution
		SolutionGuid = {057D8D1C-7CBC-41D5-BB1A-FA382F05EF84}
	EndGlobalSection
EndGlobal
